
Microsoft Visual Studio Solution File, Format Version 12.00
# Visual Studio Version 17
VisualStudioVersion = 17.5.002.0
MinimumVisualStudioVersion = 10.0.40219.1
Project("{9A19103F-16F7-4668-BE54-9A1E7A4F7556}") = "nump", "nump.csproj", "{EE371C55-E1C4-4950-A3E7-BEE37E924E1A}"
EndProject
Global
	GlobalSection(SolutionConfigurationPlatforms) = preSolution
		Debug|Any CPU = Debug|Any CPU
		Release|Any CPU = Release|Any CPU
	EndGlobalSection
	GlobalSection(ProjectConfigurationPlatforms) = postSolution
		{EE371C55-E1C4-4950-A3E7-BEE37E924E1A}.Debug|Any CPU.ActiveCfg = Debug|Any CPU
		{EE371C55-E1C4-4950-A3E7-BEE37E924E1A}.Debug|Any CPU.Build.0 = Debug|Any CPU
		{EE371C55-E1C4-4950-A3E7-BEE37E924E1A}.Release|Any CPU.ActiveCfg = Release|Any CPU
		{EE371C55-E1C4-4950-A3E7-BEE37E924E1A}.Release|Any CPU.Build.0 = Release|Any CPU
	EndGlobalSection
	GlobalSection(SolutionProperties) = preSolution
		HideSolutionNode = FALSE
	EndGlobalSection
	GlobalSection(ExtensibilityGlobals) = postSolution
		SolutionGuid = {96C22FAA-D109-4160-8055-861A57663066}
	EndGlobalSection
EndGlobal
